// !$*UTF8*$!
{
	archiveVersion = 1;
	classes = {
	};
	objectVersion = 46;
	objects = {

/* Begin PBXBuildFile section */
		CDE2A9221DAD30EE0033DD2E /* AppDelegate.swift in Sources */ = {isa = PBXBuildFile; fileRef = CDE2A9211DAD30EE0033DD2E /* AppDelegate.swift */; };
		CDE2A9241DAD30EE0033DD2E /* ViewController.swift in Sources */ = {isa = PBXBuildFile; fileRef = CDE2A9231DAD30EE0033DD2E /* ViewController.swift */; };
		CDE2A9261DAD30EE0033DD2E /* Assets.xcassets in Resources */ = {isa = PBXBuildFile; fileRef = CDE2A9251DAD30EE0033DD2E /* Assets.xcassets */; };
		CDE2A9291DAD30EE0033DD2E /* Main.storyboard in Resources */ = {isa = PBXBuildFile; fileRef = CDE2A9271DAD30EE0033DD2E /* Main.storyboard */; };
/* End PBXBuildFile section */

/* Begin PBXFileReference section */
		CDE2A91E1DAD30EE0033DD2E /* ScrollingStack.app */ = {isa = PBXFileReference; explicitFileType = wrapper.application; includeInIndex = 0; path = ScrollingStack.app; sourceTree = BUILT_PRODUCTS_DIR; };
		CDE2A9211DAD30EE0033DD2E /* AppDelegate.swift */ = {isa = PBXFileReference; lastKnownFileType = sourcecode.swift; path = AppDelegate.swift; sourceTree = "<group>"; };
		CDE2A9231DAD30EE0033DD2E /* ViewController.swift */ = {isa = PBXFileReference; lastKnownFileType = sourcecode.swift; path = ViewController.swift; sourceTree = "<group>"; };
		CDE2A9251DAD30EE0033DD2E /* Assets.xcassets */ = {isa = PBXFileReference; lastKnownFileType = folder.assetcatalog; path = Assets.xcassets; sourceTree = "<group>"; };
		CDE2A9281DAD30EE0033DD2E /* Base */ = {isa = PBXFileReference; lastKnownFileType = file.storyboard; name = Base; path = Base.lproj/Main.storyboard; sourceTree = "<group>"; };
		CDE2A92A1DAD30EE0033DD2E /* Info.plist */ = {isa = PBXFileReference; lastKnownFileType = text.plist.xml; path = Info.plist; sourceTree = "<group>"; };
/* End PBXFileReference section */

/* Begin PBXFrameworksBuildPhase section */
		CDE2A91B1DAD30EE0033DD2E /* Frameworks */ = {
			isa = PBXFrameworksBuildPhase;
			buildActionMask = 2147483647;
			files = (
			);
			runOnlyForDeploymentPostprocessing = 0;
		};
/* End PBXFrameworksBuildPhase section */

/* Begin PBXGroup section */
		CDE2A9151DAD30EE0033DD2E = {
			isa = PBXGroup;
			children = (
				CDE2A9201DAD30EE0033DD2E /* ScrollingStack */,
				CDE2A91F1DAD30EE0033DD2E /* Products */,
			);
			sourceTree = "<group>";
		};
		CDE2A91F1DAD30EE0033DD2E /* Products */ = {
			isa = PBXGroup;
			children = (
				CDE2A91E1DAD30EE0033DD2E /* ScrollingStack.app */,
			);
			name = Products;
			sourceTree = "<group>";
		};
		CDE2A9201DAD30EE0033DD2E /* ScrollingStack */ = {
			isa = PBXGroup;
			children = (
				CDE2A9211DAD30EE0033DD2E /* AppDelegate.swift */,
				CDE2A9231DAD30EE0033DD2E /* ViewController.swift */,
				CDE2A9251DAD30EE0033DD2E /* Assets.xcassets */,
				CDE2A9271DAD30EE0033DD2E /* Main.storyboard */,
				CDE2A92A1DAD30EE0033DD2E /* Info.plist */,
			);
			path = ScrollingStack;
			sourceTree = "<group>";
		};
/* End PBXGroup section */

/* Begin PBXNativeTarget section */
		CDE2A91D1DAD30EE0033DD2E /* ScrollingStack */ = {
			isa = PBXNativeTarget;
			buildConfigurationList = CDE2A92D1DAD30EE0033DD2E /* Build configuration list for PBXNativeTarget "ScrollingStack" */;
			buildPhases = (
				CDE2A91A1DAD30EE0033DD2E /* Sources */,
				CDE2A91B1DAD30EE0033DD2E /* Frameworks */,
				CDE2A91C1DAD30EE0033DD2E /* Resources */,
			);
			buildRules = (
			);
			dependencies = (
			);
			name = ScrollingStack;
			productName = ScrollingStack;
			productReference = CDE2A91E1DAD30EE0033DD2E /* ScrollingStack.app */;
			productType = "com.apple.product-type.application";
		};
/* End PBXNativeTarget section */

/* Begin PBXProject section */
		CDE2A9161DAD30EE0033DD2E /* Project object */ = {
			isa = PBXProject;
			attributes = {
				LastSwiftUpdateCheck = 0800;
				LastUpgradeCheck = 0800;
				ORGANIZATIONNAME = Engineerish;
				TargetAttributes = {
					CDE2A91D1DAD30EE0033DD2E = {
						CreatedOnToolsVersion = 8.0;
						DevelopmentTeam = QV8JS4N885;
						ProvisioningStyle = Automatic;
					};
				};
			};
			buildConfigurationList = CDE2A9191DAD30EE0033DD2E /* Build configuration list for PBXProject "ScrollingStack" */;
			compatibilityVersion = "Xcode 3.2";
			developmentRegion = English;
			hasScannedForEncodings = 0;
			knownRegions = (
				en,
				Base,
			);
			mainGroup = CDE2A9151DAD30EE0033DD2E;
			productRefGroup = CDE2A91F1DAD30EE0033DD2E /* Products */;
			projectDirPath = "";
			projectRoot = "";
			targets = (
				CDE2A91D1DAD30EE0033DD2E /* ScrollingStack */,
			);
		};
/* End PBXProject section */

/* Begin PBXResourcesBuildPhase section */
		CDE2A91C1DAD30EE0033DD2E /* Resources */ = {
			isa = PBXResourcesBuildPhase;
			buildActionMask = 2147483647;
			files = (
				CDE2A9261DAD30EE0033DD2E /* Assets.xcassets in Resources */,
				CDE2A9291DAD30EE0033DD2E /* Main.storyboard in Resources */,
			);
			runOnlyForDeploymentPostprocessing = 0;
		};
/* End PBXResourcesBuildPhase section */

/* Begin PBXSourcesBuildPhase section */
		CDE2A91A1DAD30EE0033DD2E /* Sources */ = {
			isa = PBXSourcesBuildPhase;
			buildActionMask = 2147483647;
			files = (
				CDE2A9241DAD30EE0033DD2E /* ViewController.swift in Sources */,
				CDE2A9221DAD30EE0033DD2E /* AppDelegate.swift in Sources */,
			);
			runOnlyForDeploymentPostprocessing = 0;
		};
/* End PBXSourcesBuildPhase section */

/* Begin PBXVariantGroup section */
		CDE2A9271DAD30EE0033DD2E /* Main.storyboard */ = {
			isa = PBXVariantGroup;
			children = (
				CDE2A9281DAD30EE0033DD2E /* Base */,
			);
			name = Main.storyboard;
			sourceTree = "<group>";
		};
/* End PBXVariantGroup section */

/* Begin XCBuildConfiguration section */
		CDE2A92B1DAD30EE0033DD2E /* Debug */ = {
			isa = XCBuildConfiguration;
			buildSettings = {
				ALWAYS_SEARCH_USER_PATHS = NO;
				CLANG_ANALYZER_NONNULL = YES;
				CLANG_CXX_LANGUAGE_STANDARD = "gnu++0x";
				CLANG_CXX_LIBRARY = "libc++";
				CLANG_ENABLE_MODULES = YES;
				CLANG_ENABLE_OBJC_ARC = YES;
				CLANG_WARN_BOOL_CONVERSION = YES;
				CLANG_WARN_CONSTANT_CONVERSION = YES;
				CLANG_WARN_DIRECT_OBJC_ISA_USAGE = YES_ERROR;
				CLANG_WARN_DOCUMENTATION_COMMENTS = YES;
				CLANG_WARN_EMPTY_BODY = YES;
				CLANG_WARN_ENUM_CONVERSION = YES;
				CLANG_WARN_INFINITE_RECURSION = YES;
				CLANG_WARN_INT_CONVERSION = YES;
				CLANG_WARN_OBJC_ROOT_CLASS = YES_ERROR;
				CLANG_WARN_SUSPICIOUS_MOVES = YES;
				CLANG_WARN_UNREACHABLE_CODE = YES;
				CLANG_WARN__DUPLICATE_METHOD_MATCH = YES;
				CODE_SIGN_IDENTITY = "-";
				COPY_PHASE_STRIP = NO;
				DEBUG_INFORMATION_FORMAT = dwarf;
				ENABLE_STRICT_OBJC_MSGSEND = YES;
				ENABLE_TESTABILITY = YES;
				GCC_C_LANGUAGE_STANDARD = gnu99;
				GCC_DYNAMIC_NO_PIC = NO;
				GCC_NO_COMMON_BLOCKS = YES;
				GCC_OPTIMIZATION_LEVEL = 0;
				GCC_PREPROCESSOR_DEFINITIONS = (
					"DEBUG=1",
					"$(inherited)",
				);
				GCC_WARN_64_TO_32_BIT_CONVERSION = YES;
				GCC_WARN_ABOUT_RETURN_TYPE = YES_ERROR;
				GCC_WARN_UNDECLARED_SELECTOR = YES;
				GCC_WARN_UNINITIALIZED_AUTOS = YES_AGGRESSIVE;
				GCC_WARN_UNUSED_FUNCTION = YES;
				GCC_WARN_UNUSED_VARIABLE = YES;
				MACOSX_DEPLOYMENT_TARGET = 10.11;
				MTL_ENABLE_DEBUG_INFO = YES;
				ONLY_ACTIVE_ARCH = YES;
				SDKROOT = macosx;
				SWIFT_ACTIVE_COMPILATION_CONDITIONS = DEBUG;
				SWIFT_OPTIMIZATION_LEVEL = "-Onone";
			};
			name = Debug;
		};
		CDE2A92C1DAD30EE0033DD2E /* Release */ = {
			isa = XCBuildConfiguration;
			buildSettings = {
				ALWAYS_SEARCH_USER_PATHS = NO;
				CLANG_ANALYZER_NONNULL = YES;
				CLANG_CXX_LANGUAGE_STANDARD = "gnu++0x";
				CLANG_CXX_LIBRARY = "libc++";
				CLANG_ENABLE_MODULES = YES;
				CLANG_ENABLE_OBJC_ARC = YES;
				CLANG_WARN_BOOL_CONVERSION = YES;
				CLANG_WARN_CONSTANT_CONVERSION = YES;
				CLANG_WARN_DIRECT_OBJC_ISA_USAGE = YES_ERROR;
				CLANG_WARN_DOCUMENTATION_COMMENTS = YES;
				CLANG_WARN_EMPTY_BODY = YES;
				CLANG_WARN_ENUM_CONVERSION = YES;
				CLANG_WARN_INFINITE_RECURSION = YES;
				CLANG_WARN_INT_CONVERSION = YES;
				CLANG_WARN_OBJC_ROOT_CLASS = YES_ERROR;
				CLANG_WARN_SUSPICIOUS_MOVES = YES;
				CLANG_WARN_UNREACHABLE_CODE = YES;
				CLANG_WARN__DUPLICATE_METHOD_MATCH = YES;
				CODE_SIGN_IDENTITY = "-";
				COPY_PHASE_STRIP = NO;
				DEBUG_INFORMATION_FORMAT = "dwarf-with-dsym";
				ENABLE_NS_ASSERTIONS = NO;
				ENABLE_STRICT_OBJC_MSGSEND = YES;
				GCC_C_LANGUAGE_STANDARD = gnu99;
				GCC_NO_COMMON_BLOCKS = YES;
				GCC_WARN_64_TO_32_BIT_CONVERSION = YES;
				GCC_WARN_ABOUT_RETURN_TYPE = YES_ERROR;
				GCC_WARN_UNDECLARED_SELECTOR = YES;
				GCC_WARN_UNINITIALIZED_AUTOS = YES_AGGRESSIVE;
				GCC_WARN_UNUSED_FUNCTION = YES;
				GCC_WARN_UNUSED_VARIABLE = YES;
				MACOSX_DEPLOYMENT_TARGET = 10.11;
				MTL_ENABLE_DEBUG_INFO = NO;
				SDKROOT = macosx;
				SWIFT_OPTIMIZATION_LEVEL = "-Owholemodule";
			};
			name = Release;
		};
		CDE2A92E1DAD30EE0033DD2E /* Debug */ = {
			isa = XCBuildConfiguration;
			buildSettings = {
				ASSETCATALOG_COMPILER_APPICON_NAME = AppIcon;
				COMBINE_HIDPI_IMAGES = YES;
				DEVELOPMENT_TEAM = QV8JS4N885;
				INFOPLIST_FILE = ScrollingStack/Info.plist;
				LD_RUNPATH_SEARCH_PATHS = "$(inherited) @executable_path/../Frameworks";
				PRODUCT_BUNDLE_IDENTIFIER = com.engineerish.ScrollingStack;
				PRODUCT_NAME = "$(TARGET_NAME)";
				SWIFT_VERSION = 3.0;
			};
			name = Debug;
		};
		CDE2A92F1DAD30EE0033DD2E /* Release */ = {
			isa = XCBuildConfiguration;
			buildSettings = {
				ASSETCATALOG_COMPILER_APPICON_NAME = AppIcon;
				COMBINE_HIDPI_IMAGES = YES;
				DEVELOPMENT_TEAM = QV8JS4N885;
				INFOPLIST_FILE = ScrollingStack/Info.plist;
				LD_RUNPATH_SEARCH_PATHS = "$(inherited) @executable_path/../Frameworks";
				PRODUCT_BUNDLE_IDENTIFIER = com.engineerish.ScrollingStack;
				PRODUCT_NAME = "$(TARGET_NAME)";
				SWIFT_VERSION = 3.0;
			};
			name = Release;
		};
/* End XCBuildConfiguration section */

/* Begin XCConfigurationList section */
		CDE2A9191DAD30EE0033DD2E /* Build configuration list for PBXProject "ScrollingStack" */ = {
			isa = XCConfigurationList;
			buildConfigurations = (
				CDE2A92B1DAD30EE0033DD2E /* Debug */,
				CDE2A92C1DAD30EE0033DD2E /* Release */,
			);
			defaultConfigurationIsVisible = 0;
			defaultConfigurationName = Release;
		};
		CDE2A92D1DAD30EE0033DD2E /* Build configuration list for PBXNativeTarget "ScrollingStack" */ = {
			isa = XCConfigurationList;
			buildConfigurations = (
				CDE2A92E1DAD30EE0033DD2E /* Debug */,
				CDE2A92F1DAD30EE0033DD2E /* Release */,
			);
			defaultConfigurationIsVisible = 0;
		};
/* End XCConfigurationList section */
	};
	rootObject = CDE2A9161DAD30EE0033DD2E /* Project object */;
}
